
Microsoft Visual Studio Solution File, Format Version 12.00
# Visual Studio Version 16
VisualStudioVersion = 16.0.30309.148
MinimumVisualStudioVersion = 10.0.40219.1
Project("{FAE04EC0-301F-11D3-BF4B-00C04F79EFBC}") = "OCRApp", "OCRApp\OCRApp.csproj", "{7C538CF9-5CC9-417C-BF08-342EC6B46A95}"
EndProject
Project("{FAE04EC0-301F-11D3-BF4B-00C04F79EFBC}") = "ShapeDetection", "Shape Detection\ShapeDetection.csproj", "{2B0AC625-BB6D-46FE-BCDE-94050160EB0D}"
EndProject
Project("{FAE04EC0-301F-11D3-BF4B-00C04F79EFBC}") = "VideoGrayScaler", "Video Gray Scaler\VideoGrayScaler.csproj", "{1CB49FCA-448E-42C1-A69A-AD135D27EEB3}"
EndProject
Global
	GlobalSection(SolutionConfigurationPlatforms) = preSolution
		Debug|Any CPU = Debug|Any CPU
		Release|Any CPU = Release|Any CPU
	EndGlobalSection
	GlobalSection(ProjectConfigurationPlatforms) = postSolution
		{7C538CF9-5CC9-417C-BF08-342EC6B46A95}.Debug|Any CPU.ActiveCfg = Debug|Any CPU
		{7C538CF9-5CC9-417C-BF08-342EC6B46A95}.Debug|Any CPU.Build.0 = Debug|Any CPU
		{7C538CF9-5CC9-417C-BF08-342EC6B46A95}.Release|Any CPU.ActiveCfg = Release|Any CPU
		{7C538CF9-5CC9-417C-BF08-342EC6B46A95}.Release|Any CPU.Build.0 = Release|Any CPU
		{2B0AC625-BB6D-46FE-BCDE-94050160EB0D}.Debug|Any CPU.ActiveCfg = Debug|Any CPU
		{2B0AC625-BB6D-46FE-BCDE-94050160EB0D}.Debug|Any CPU.Build.0 = Debug|Any CPU
		{2B0AC625-BB6D-46FE-BCDE-94050160EB0D}.Release|Any CPU.ActiveCfg = Release|Any CPU
		{2B0AC625-BB6D-46FE-BCDE-94050160EB0D}.Release|Any CPU.Build.0 = Release|Any CPU
		{1CB49FCA-448E-42C1-A69A-AD135D27EEB3}.Debug|Any CPU.ActiveCfg = Debug|Any CPU
		{1CB49FCA-448E-42C1-A69A-AD135D27EEB3}.Debug|Any CPU.Build.0 = Debug|Any CPU
		{1CB49FCA-448E-42C1-A69A-AD135D27EEB3}.Release|Any CPU.ActiveCfg = Release|Any CPU
		{1CB49FCA-448E-42C1-A69A-AD135D27EEB3}.Release|Any CPU.Build.0 = Release|Any CPU
	EndGlobalSection
	GlobalSection(SolutionProperties) = preSolution
		HideSolutionNode = FALSE
	EndGlobalSection
	GlobalSection(ExtensibilityGlobals) = postSolution
		SolutionGuid = {DF3A7836-840F-43B0-A2E3-4612BDD2CBBF}
	EndGlobalSection
EndGlobal
